
Microsoft Visual Studio Solution File, Format Version 12.00
# Visual Studio 15
VisualStudioVersion = 15.0.27004.2005
MinimumVisualStudioVersion = 10.0.40219.1
Project("{FAE04EC0-301F-11D3-BF4B-00C04F79EFBC}") = "LotteryGenerator", "LotteryGenerator\LotteryGenerator.csproj", "{B7AF907B-0504-4D42-B55E-AE335A767AC1}"
EndProject
Global
	GlobalSection(SolutionConfigurationPlatforms) = preSolution
		Debug|Any CPU = Debug|Any CPU
		Release|Any CPU = Release|Any CPU
	EndGlobalSection
	GlobalSection(ProjectConfigurationPlatforms) = postSolution
		{B7AF907B-0504-4D42-B55E-AE335A767AC1}.Debug|Any CPU.ActiveCfg = Debug|Any CPU
		{B7AF907B-0504-4D42-B55E-AE335A767AC1}.Debug|Any CPU.Build.0 = Debug|Any CPU
		{B7AF907B-0504-4D42-B55E-AE335A767AC1}.Release|Any CPU.ActiveCfg = Release|Any CPU
		{B7AF907B-0504-4D42-B55E-AE335A767AC1}.Release|Any CPU.Build.0 = Release|Any CPU
	EndGlobalSection
	GlobalSection(SolutionProperties) = preSolution
		HideSolutionNode = FALSE
	EndGlobalSection
	GlobalSection(ExtensibilityGlobals) = postSolution
		SolutionGuid = {2B96CD12-863C-40BD-8E0E-AFA1D7B1D0FA}
	EndGlobalSection
EndGlobal
